
Microsoft Visual Studio Solution File, Format Version 12.00
Project("{FAE04EC0-301F-11D3-BF4B-00C04F79EFBC}") = "RestaurantTrackerAPI", "RestaurantTrackerAPI\RestaurantTrackerAPI.csproj", "{6E0CD74B-AEA5-4923-AB9C-C8A060CEC198}"
EndProject
Project("{FAE04EC0-301F-11D3-BF4B-00C04F79EFBC}") = "RestaurantTracker.Entities", "RestaurantTracker.Entities\RestaurantTracker.Entities.csproj", "{A922E90C-31C7-4A00-8C8A-CA86B453ED25}"
EndProject
Project("{FAE04EC0-301F-11D3-BF4B-00C04F79EFBC}") = "RestaurantTracker.DataAccess", "RestaurantTracker.DataAccess\RestaurantTracker.DataAccess.csproj", "{85BAB7C0-7489-4A15-B0B1-C33243941797}"
EndProject
Project("{FAE04EC0-301F-11D3-BF4B-00C04F79EFBC}") = "RestaurantTracker.Business", "RestaurantTracker.Business\RestaurantTracker.Business.csproj", "{704BD3DB-5571-4239-9612-FDA1D22DC26A}"
EndProject
Global
	GlobalSection(SolutionConfigurationPlatforms) = preSolution
		Debug|Any CPU = Debug|Any CPU
		Release|Any CPU = Release|Any CPU
	EndGlobalSection
	GlobalSection(ProjectConfigurationPlatforms) = postSolution
		{6E0CD74B-AEA5-4923-AB9C-C8A060CEC198}.Debug|Any CPU.ActiveCfg = Debug|Any CPU
		{6E0CD74B-AEA5-4923-AB9C-C8A060CEC198}.Debug|Any CPU.Build.0 = Debug|Any CPU
		{6E0CD74B-AEA5-4923-AB9C-C8A060CEC198}.Release|Any CPU.ActiveCfg = Release|Any CPU
		{6E0CD74B-AEA5-4923-AB9C-C8A060CEC198}.Release|Any CPU.Build.0 = Release|Any CPU
		{A922E90C-31C7-4A00-8C8A-CA86B453ED25}.Debug|Any CPU.ActiveCfg = Debug|Any CPU
		{A922E90C-31C7-4A00-8C8A-CA86B453ED25}.Debug|Any CPU.Build.0 = Debug|Any CPU
		{A922E90C-31C7-4A00-8C8A-CA86B453ED25}.Release|Any CPU.ActiveCfg = Release|Any CPU
		{A922E90C-31C7-4A00-8C8A-CA86B453ED25}.Release|Any CPU.Build.0 = Release|Any CPU
		{85BAB7C0-7489-4A15-B0B1-C33243941797}.Debug|Any CPU.ActiveCfg = Debug|Any CPU
		{85BAB7C0-7489-4A15-B0B1-C33243941797}.Debug|Any CPU.Build.0 = Debug|Any CPU
		{85BAB7C0-7489-4A15-B0B1-C33243941797}.Release|Any CPU.ActiveCfg = Release|Any CPU
		{85BAB7C0-7489-4A15-B0B1-C33243941797}.Release|Any CPU.Build.0 = Release|Any CPU
		{704BD3DB-5571-4239-9612-FDA1D22DC26A}.Debug|Any CPU.ActiveCfg = Debug|Any CPU
		{704BD3DB-5571-4239-9612-FDA1D22DC26A}.Debug|Any CPU.Build.0 = Debug|Any CPU
		{704BD3DB-5571-4239-9612-FDA1D22DC26A}.Release|Any CPU.ActiveCfg = Release|Any CPU
		{704BD3DB-5571-4239-9612-FDA1D22DC26A}.Release|Any CPU.Build.0 = Release|Any CPU
	EndGlobalSection
EndGlobal
